
Microsoft Visual Studio Solution File, Format Version 12.00
# Visual Studio 15
VisualStudioVersion = 15.0.28307.1169
MinimumVisualStudioVersion = 10.0.40219.1
Project("{FAE04EC0-301F-11D3-BF4B-00C04F79EFBC}") = "PersonalSite", "PersonalSite\PersonalSite.csproj", "{94C23FE8-1CD1-4EB9-BD4A-BB88E0187E5B}"
EndProject
Global
	GlobalSection(SolutionConfigurationPlatforms) = preSolution
		Debug|Any CPU = Debug|Any CPU
		Release|Any CPU = Release|Any CPU
	EndGlobalSection
	GlobalSection(ProjectConfigurationPlatforms) = postSolution
		{94C23FE8-1CD1-4EB9-BD4A-BB88E0187E5B}.Debug|Any CPU.ActiveCfg = Debug|Any CPU
		{94C23FE8-1CD1-4EB9-BD4A-BB88E0187E5B}.Debug|Any CPU.Build.0 = Debug|Any CPU
		{94C23FE8-1CD1-4EB9-BD4A-BB88E0187E5B}.Release|Any CPU.ActiveCfg = Release|Any CPU
		{94C23FE8-1CD1-4EB9-BD4A-BB88E0187E5B}.Release|Any CPU.Build.0 = Release|Any CPU
	EndGlobalSection
	GlobalSection(SolutionProperties) = preSolution
		HideSolutionNode = FALSE
	EndGlobalSection
	GlobalSection(ExtensibilityGlobals) = postSolution
		SolutionGuid = {7DEE8326-F1C8-4844-88FC-4C01ECD0FB22}
	EndGlobalSection
EndGlobal
