
Microsoft Visual Studio Solution File, Format Version 12.00
# Visual Studio 15
VisualStudioVersion = 15.0.28307.1169
MinimumVisualStudioVersion = 10.0.40219.1
Project("{FAE04EC0-301F-11D3-BF4B-00C04F79EFBC}") = "PersonalSiteV2.UI.MVC", "..\PersonalSiteV2.UI.MVC\PersonalSiteV2.UI.MVC.csproj", "{FE2EFF57-E069-4E8A-B0CA-D78837DE26CE}"
EndProject
Global
	GlobalSection(SolutionConfigurationPlatforms) = preSolution
		Debug|Any CPU = Debug|Any CPU
		Release|Any CPU = Release|Any CPU
	EndGlobalSection
	GlobalSection(ProjectConfigurationPlatforms) = postSolution
		{FE2EFF57-E069-4E8A-B0CA-D78837DE26CE}.Debug|Any CPU.ActiveCfg = Debug|Any CPU
		{FE2EFF57-E069-4E8A-B0CA-D78837DE26CE}.Debug|Any CPU.Build.0 = Debug|Any CPU
		{FE2EFF57-E069-4E8A-B0CA-D78837DE26CE}.Release|Any CPU.ActiveCfg = Release|Any CPU
		{FE2EFF57-E069-4E8A-B0CA-D78837DE26CE}.Release|Any CPU.Build.0 = Release|Any CPU
	EndGlobalSection
	GlobalSection(SolutionProperties) = preSolution
		HideSolutionNode = FALSE
	EndGlobalSection
	GlobalSection(ExtensibilityGlobals) = postSolution
		SolutionGuid = {B2B4C04E-86D2-42F1-A300-22D848EF5A92}
	EndGlobalSection
EndGlobal
